
Microsoft Visual Studio Solution File, Format Version 12.00
# Visual Studio Version 16
VisualStudioVersion = 16.0.35731.53
MinimumVisualStudioVersion = 10.0.40219.1
Project("{FAE04EC0-301F-11D3-BF4B-00C04F79EFBC}") = "wsCheckUsuario", "wsCheckUsuario\wsCheckUsuario.csproj", "{A01078A0-2DFE-4EF9-AB0B-9378EA7D56F0}"
EndProject
Global
	GlobalSection(SolutionConfigurationPlatforms) = preSolution
		Debug|Any CPU = Debug|Any CPU
		Release|Any CPU = Release|Any CPU
	EndGlobalSection
	GlobalSection(ProjectConfigurationPlatforms) = postSolution
		{A01078A0-2DFE-4EF9-AB0B-9378EA7D56F0}.Debug|Any CPU.ActiveCfg = Debug|Any CPU
		{A01078A0-2DFE-4EF9-AB0B-9378EA7D56F0}.Debug|Any CPU.Build.0 = Debug|Any CPU
		{A01078A0-2DFE-4EF9-AB0B-9378EA7D56F0}.Release|Any CPU.ActiveCfg = Release|Any CPU
		{A01078A0-2DFE-4EF9-AB0B-9378EA7D56F0}.Release|Any CPU.Build.0 = Release|Any CPU
	EndGlobalSection
	GlobalSection(SolutionProperties) = preSolution
		HideSolutionNode = FALSE
	EndGlobalSection
	GlobalSection(ExtensibilityGlobals) = postSolution
		SolutionGuid = {1247FEC3-5401-4834-9252-AE245007C0AB}
	EndGlobalSection
EndGlobal
